
Microsoft Visual Studio Solution File, Format Version 12.00
# Visual Studio Version 16
VisualStudioVersion = 16.0.31624.102
MinimumVisualStudioVersion = 10.0.40219.1
Project("{FAE04EC0-301F-11D3-BF4B-00C04F79EFBC}") = "ComunicaciónEntreFormas1", "ComunicaciónEntreFormas1\ComunicaciónEntreFormas1.csproj", "{1262735F-AC22-4B8B-8FF8-0D1542FD0E91}"
EndProject
Global
	GlobalSection(SolutionConfigurationPlatforms) = preSolution
		Debug|Any CPU = Debug|Any CPU
		Release|Any CPU = Release|Any CPU
	EndGlobalSection
	GlobalSection(ProjectConfigurationPlatforms) = postSolution
		{1262735F-AC22-4B8B-8FF8-0D1542FD0E91}.Debug|Any CPU.ActiveCfg = Debug|Any CPU
		{1262735F-AC22-4B8B-8FF8-0D1542FD0E91}.Debug|Any CPU.Build.0 = Debug|Any CPU
		{1262735F-AC22-4B8B-8FF8-0D1542FD0E91}.Release|Any CPU.ActiveCfg = Release|Any CPU
		{1262735F-AC22-4B8B-8FF8-0D1542FD0E91}.Release|Any CPU.Build.0 = Release|Any CPU
	EndGlobalSection
	GlobalSection(SolutionProperties) = preSolution
		HideSolutionNode = FALSE
	EndGlobalSection
	GlobalSection(ExtensibilityGlobals) = postSolution
		SolutionGuid = {0264094D-4099-4768-A232-18A993BF1CEF}
	EndGlobalSection
EndGlobal
